
Microsoft Visual Studio Solution File, Format Version 12.00
# Visual Studio Version 17
VisualStudioVersion = 17.4.33205.214
MinimumVisualStudioVersion = 10.0.40219.1
Project("{FAE04EC0-301F-11D3-BF4B-00C04F79EFBC}") = "SC Html", "SC Html.csproj", "{28E1D275-5584-4A5B-9279-1A1BB86F43E0}"
EndProject
Global
	GlobalSection(SolutionConfigurationPlatforms) = preSolution
		Debug|Any CPU = Debug|Any CPU
		Release|Any CPU = Release|Any CPU
	EndGlobalSection
	GlobalSection(ProjectConfigurationPlatforms) = postSolution
		{28E1D275-5584-4A5B-9279-1A1BB86F43E0}.Debug|Any CPU.ActiveCfg = Debug|Any CPU
		{28E1D275-5584-4A5B-9279-1A1BB86F43E0}.Debug|Any CPU.Build.0 = Debug|Any CPU
		{28E1D275-5584-4A5B-9279-1A1BB86F43E0}.Release|Any CPU.ActiveCfg = Release|Any CPU
		{28E1D275-5584-4A5B-9279-1A1BB86F43E0}.Release|Any CPU.Build.0 = Release|Any CPU
	EndGlobalSection
	GlobalSection(SolutionProperties) = preSolution
		HideSolutionNode = FALSE
	EndGlobalSection
	GlobalSection(ExtensibilityGlobals) = postSolution
		SolutionGuid = {0B33895D-28EB-4610-8C79-5F8E61C8AFFD}
	EndGlobalSection
EndGlobal
